apiVersion: v1
kind: ConfigMap
metadata:
  annotations:
    control-plane.alpha.kubernetes.io/leader: '{"holderIdentity":"gke-7521485b7b64287efb4b-2dab-8b69-vm_7173d","leaseDurationSeconds":15,"acquireTime":"2019-11-11T21:28:17Z","renewTime":"2019-11-12T01:44:51Z","leaderTransitions":1}'
  creationTimestamp: "2019-11-11T21:19:59Z"
  name: ingress-gce-lock
  namespace: kube-system
  resourceVersion: "62193"
  selfLink: /api/v1/namespaces/kube-system/configmaps/ingress-gce-lock
  uid: 0408b0f8-04c9-11ea-bc78-42010a8a0172
