apiVersion: v1
kind: ConfigMap
metadata:
  annotations:
    control-plane.alpha.kubernetes.io/leader: '{"holderIdentity":"gke-7521485b7b64287efb4b-2dab-8b69-vm_799a1","leaseDurationSeconds":15,"acquireTime":"2019-11-11T21:28:08Z","renewTime":"2019-11-12T01:44:51Z","leaderTransitions":1}'
  creationTimestamp: "2019-11-11T21:19:38Z"
  name: gke-common-webhook-lock
  namespace: kube-system
  resourceVersion: "62191"
  selfLink: /api/v1/namespaces/kube-system/configmaps/gke-common-webhook-lock
  uid: f80de6f3-04c8-11ea-bc78-42010a8a0172
